
Microsoft Visual Studio Solution File, Format Version 12.00
# Visual Studio Version 16
VisualStudioVersion = 16.0.29728.190
MinimumVisualStudioVersion = 10.0.40219.1
Project("{FAE04EC0-301F-11D3-BF4B-00C04F79EFBC}") = "Fortune Teller App", "Fortune Teller App\Fortune Teller App.csproj", "{02102BE0-CD0B-47E8-AB60-4D33DB330C76}"
EndProject
Global
	GlobalSection(SolutionConfigurationPlatforms) = preSolution
		Debug|Any CPU = Debug|Any CPU
		Release|Any CPU = Release|Any CPU
	EndGlobalSection
	GlobalSection(ProjectConfigurationPlatforms) = postSolution
		{02102BE0-CD0B-47E8-AB60-4D33DB330C76}.Debug|Any CPU.ActiveCfg = Debug|Any CPU
		{02102BE0-CD0B-47E8-AB60-4D33DB330C76}.Debug|Any CPU.Build.0 = Debug|Any CPU
		{02102BE0-CD0B-47E8-AB60-4D33DB330C76}.Release|Any CPU.ActiveCfg = Release|Any CPU
		{02102BE0-CD0B-47E8-AB60-4D33DB330C76}.Release|Any CPU.Build.0 = Release|Any CPU
	EndGlobalSection
	GlobalSection(SolutionProperties) = preSolution
		HideSolutionNode = FALSE
	EndGlobalSection
	GlobalSection(ExtensibilityGlobals) = postSolution
		SolutionGuid = {1FDC5E28-2511-4A86-AC8D-91F8A417DE45}
	EndGlobalSection
EndGlobal
